{
  "name": "sample01",
  "lockfileVersion": 3,
  "requires": true,
  "packages": {
    "": {
      "dependencies": {
        "mail": "^0.2.3",
        "slugify": "^1.6.6"
      }
    },
    "node_modules/mail": {
      "version": "0.2.3",
      "resolved": "https://registry.npmjs.org/mail/-/mail-0.2.3.tgz",
      "integrity": "sha512-DP9ZW+IJaV/5sZ0ZCa2SnijLaluM+ztGheQX9zyyzmBBE/JfLKEpPd2+7uZ68Pfkn4oihsDSrwBxm4ZRG64g3g==",
      "dependencies": {
        "reparse": ">= 0.1.2"
      },
      "engines": {
        "node": ">= 0.4.0"
      }
    },
    "node_modules/reparse": {
      "version": "0.1.2",
      "resolved": "https://registry.npmjs.org/reparse/-/reparse-0.1.2.tgz",
      "integrity": "sha512-WYVvlxnR1Nsy8TzDuslvopB6AJicP0cilq2PD8ap5cqre45n8eeR+WkzVVMCehqH/l+yuGKDEPN0KfBHVBMR2w==",
      "engines": {
        "node": ">= 0.1.103"
      }
    },
    "node_modules/slugify": {
      "version": "1.6.6",
      "resolved": "https://registry.npmjs.org/slugify/-/slugify-1.6.6.tgz",
      "integrity": "sha512-h+z7HKHYXj6wJU+AnS/+IH8Uh9fdcX1Lrhg1/VMdf9PwoBQXFcXiAdsy2tSK0P6gKwJLXp02r90ahUCqHk9rrw==",
      "engines": {
        "node": ">=8.0.0"
      }
    }
  }
}
